
Microsoft Visual Studio Solution File, Format Version 12.00
# Visual Studio Version 17
VisualStudioVersion = 17.14.36518.9 d17.14
MinimumVisualStudioVersion = 10.0.40219.1
Project("{FAE04EC0-301F-11D3-BF4B-00C04F79EFBC}") = "Gestion_RDV", "Gestion_RDV\Gestion_RDV.csproj", "{63B7ED99-3BB3-4D96-BB46-ADA960BF8531}"
EndProject
Global
	GlobalSection(SolutionConfigurationPlatforms) = preSolution
		Debug|Any CPU = Debug|Any CPU
		Release|Any CPU = Release|Any CPU
	EndGlobalSection
	GlobalSection(ProjectConfigurationPlatforms) = postSolution
		{63B7ED99-3BB3-4D96-BB46-ADA960BF8531}.Debug|Any CPU.ActiveCfg = Debug|Any CPU
		{63B7ED99-3BB3-4D96-BB46-ADA960BF8531}.Debug|Any CPU.Build.0 = Debug|Any CPU
		{63B7ED99-3BB3-4D96-BB46-ADA960BF8531}.Release|Any CPU.ActiveCfg = Release|Any CPU
		{63B7ED99-3BB3-4D96-BB46-ADA960BF8531}.Release|Any CPU.Build.0 = Release|Any CPU
	EndGlobalSection
	GlobalSection(SolutionProperties) = preSolution
		HideSolutionNode = FALSE
	EndGlobalSection
	GlobalSection(ExtensibilityGlobals) = postSolution
		SolutionGuid = {FDF4E774-F787-4E0E-94F2-98369676B1F2}
	EndGlobalSection
EndGlobal
